
Microsoft Visual Studio Solution File, Format Version 12.00
# Visual Studio 2012
Project("{FAE04EC0-301F-11D3-BF4B-00C04F79EFBC}") = "2장 2019.03.11", "Struct Person\2장 2019.03.11.csproj", "{87AD2DE2-B066-4165-B05E-6EA1EB9EE05F}"
EndProject
Global
	GlobalSection(SolutionConfigurationPlatforms) = preSolution
		Debug|Any CPU = Debug|Any CPU
		Release|Any CPU = Release|Any CPU
	EndGlobalSection
	GlobalSection(ProjectConfigurationPlatforms) = postSolution
		{87AD2DE2-B066-4165-B05E-6EA1EB9EE05F}.Debug|Any CPU.ActiveCfg = Debug|Any CPU
		{87AD2DE2-B066-4165-B05E-6EA1EB9EE05F}.Debug|Any CPU.Build.0 = Debug|Any CPU
		{87AD2DE2-B066-4165-B05E-6EA1EB9EE05F}.Release|Any CPU.ActiveCfg = Release|Any CPU
		{87AD2DE2-B066-4165-B05E-6EA1EB9EE05F}.Release|Any CPU.Build.0 = Release|Any CPU
	EndGlobalSection
	GlobalSection(SolutionProperties) = preSolution
		HideSolutionNode = FALSE
	EndGlobalSection
EndGlobal
