
Microsoft Visual Studio Solution File, Format Version 12.00
# Visual Studio 2012
Project("{FAE04EC0-301F-11D3-BF4B-00C04F79EFBC}") = "4장 2019.03.25", "4장 2019.03.25\4장 2019.03.25.csproj", "{96CD2BFE-70B3-4D13-BFE4-A5B93E8E545B}"
EndProject
Global
	GlobalSection(SolutionConfigurationPlatforms) = preSolution
		Debug|Any CPU = Debug|Any CPU
		Release|Any CPU = Release|Any CPU
	EndGlobalSection
	GlobalSection(ProjectConfigurationPlatforms) = postSolution
		{96CD2BFE-70B3-4D13-BFE4-A5B93E8E545B}.Debug|Any CPU.ActiveCfg = Debug|Any CPU
		{96CD2BFE-70B3-4D13-BFE4-A5B93E8E545B}.Debug|Any CPU.Build.0 = Debug|Any CPU
		{96CD2BFE-70B3-4D13-BFE4-A5B93E8E545B}.Release|Any CPU.ActiveCfg = Release|Any CPU
		{96CD2BFE-70B3-4D13-BFE4-A5B93E8E545B}.Release|Any CPU.Build.0 = Release|Any CPU
	EndGlobalSection
	GlobalSection(SolutionProperties) = preSolution
		HideSolutionNode = FALSE
	EndGlobalSection
EndGlobal
