
Microsoft Visual Studio Solution File, Format Version 12.00
# Visual Studio 2012
Project("{FAE04EC0-301F-11D3-BF4B-00C04F79EFBC}") = "5장 2019.05.07", "5장 2019.05.07\5장 2019.05.07.csproj", "{5929F014-E0AA-4AF1-876B-453DCF315D9F}"
EndProject
Global
	GlobalSection(SolutionConfigurationPlatforms) = preSolution
		Debug|Any CPU = Debug|Any CPU
		Release|Any CPU = Release|Any CPU
	EndGlobalSection
	GlobalSection(ProjectConfigurationPlatforms) = postSolution
		{5929F014-E0AA-4AF1-876B-453DCF315D9F}.Debug|Any CPU.ActiveCfg = Debug|Any CPU
		{5929F014-E0AA-4AF1-876B-453DCF315D9F}.Debug|Any CPU.Build.0 = Debug|Any CPU
		{5929F014-E0AA-4AF1-876B-453DCF315D9F}.Release|Any CPU.ActiveCfg = Release|Any CPU
		{5929F014-E0AA-4AF1-876B-453DCF315D9F}.Release|Any CPU.Build.0 = Release|Any CPU
	EndGlobalSection
	GlobalSection(SolutionProperties) = preSolution
		HideSolutionNode = FALSE
	EndGlobalSection
EndGlobal
