
Microsoft Visual Studio Solution File, Format Version 12.00
# Visual Studio 2012
Project("{8BC9CEB8-8B4A-11D0-8D11-00A0C91BC942}") = "C++ 오버로딩", "C++ 오버로딩\C++ 오버로딩.vcxproj", "{B98DA196-52E2-46E4-81E3-CDB9C33BC8EC}"
EndProject
Global
	GlobalSection(SolutionConfigurationPlatforms) = preSolution
		Debug|Win32 = Debug|Win32
		Release|Win32 = Release|Win32
	EndGlobalSection
	GlobalSection(ProjectConfigurationPlatforms) = postSolution
		{B98DA196-52E2-46E4-81E3-CDB9C33BC8EC}.Debug|Win32.ActiveCfg = Debug|Win32
		{B98DA196-52E2-46E4-81E3-CDB9C33BC8EC}.Debug|Win32.Build.0 = Debug|Win32
		{B98DA196-52E2-46E4-81E3-CDB9C33BC8EC}.Release|Win32.ActiveCfg = Release|Win32
		{B98DA196-52E2-46E4-81E3-CDB9C33BC8EC}.Release|Win32.Build.0 = Release|Win32
	EndGlobalSection
	GlobalSection(SolutionProperties) = preSolution
		HideSolutionNode = FALSE
	EndGlobalSection
EndGlobal
