
Microsoft Visual Studio Solution File, Format Version 12.00
# Visual Studio 2012
Project("{8BC9CEB8-8B4A-11D0-8D11-00A0C91BC942}") = "3dimension", "3dimension\3dimension.vcxproj", "{81D97DD9-57AF-4842-BD2B-D426306BB658}"
EndProject
Global
	GlobalSection(SolutionConfigurationPlatforms) = preSolution
		Debug|Win32 = Debug|Win32
		Release|Win32 = Release|Win32
	EndGlobalSection
	GlobalSection(ProjectConfigurationPlatforms) = postSolution
		{81D97DD9-57AF-4842-BD2B-D426306BB658}.Debug|Win32.ActiveCfg = Debug|Win32
		{81D97DD9-57AF-4842-BD2B-D426306BB658}.Debug|Win32.Build.0 = Debug|Win32
		{81D97DD9-57AF-4842-BD2B-D426306BB658}.Release|Win32.ActiveCfg = Release|Win32
		{81D97DD9-57AF-4842-BD2B-D426306BB658}.Release|Win32.Build.0 = Release|Win32
	EndGlobalSection
	GlobalSection(SolutionProperties) = preSolution
		HideSolutionNode = FALSE
	EndGlobalSection
EndGlobal
